
Microsoft Visual Studio Solution File, Format Version 12.00
# Visual Studio Version 17
VisualStudioVersion = 17.14.37328.6 d17.14
MinimumVisualStudioVersion = 10.0.40219.1
Project("{FAE04EC0-301F-11D3-BF4B-00C04F79EFBC}") = "NotebookLibrary", "NotebookLibrary.csproj", "{E748486A-8CE4-48D8-807D-156634245328}"
EndProject
Project("{FAE04EC0-301F-11D3-BF4B-00C04F79EFBC}") = "NotebookLibrary.UnitTests", "..\NotebookLibrary.UnitTests\NotebookLibrary.UnitTests.csproj", "{FB0B98FA-D681-487B-AB8C-5C1481F5F8C5}"
EndProject
Global
	GlobalSection(SolutionConfigurationPlatforms) = preSolution
		Debug|Any CPU = Debug|Any CPU
		Release|Any CPU = Release|Any CPU
	EndGlobalSection
	GlobalSection(ProjectConfigurationPlatforms) = postSolution
		{E748486A-8CE4-48D8-807D-156634245328}.Debug|Any CPU.ActiveCfg = Debug|Any CPU
		{E748486A-8CE4-48D8-807D-156634245328}.Debug|Any CPU.Build.0 = Debug|Any CPU
		{E748486A-8CE4-48D8-807D-156634245328}.Release|Any CPU.ActiveCfg = Release|Any CPU
		{E748486A-8CE4-48D8-807D-156634245328}.Release|Any CPU.Build.0 = Release|Any CPU
		{FB0B98FA-D681-487B-AB8C-5C1481F5F8C5}.Debug|Any CPU.ActiveCfg = Debug|Any CPU
		{FB0B98FA-D681-487B-AB8C-5C1481F5F8C5}.Debug|Any CPU.Build.0 = Debug|Any CPU
		{FB0B98FA-D681-487B-AB8C-5C1481F5F8C5}.Release|Any CPU.ActiveCfg = Release|Any CPU
		{FB0B98FA-D681-487B-AB8C-5C1481F5F8C5}.Release|Any CPU.Build.0 = Release|Any CPU
	EndGlobalSection
	GlobalSection(SolutionProperties) = preSolution
		HideSolutionNode = FALSE
	EndGlobalSection
	GlobalSection(ExtensibilityGlobals) = postSolution
		SolutionGuid = {A0C7FF51-F838-487D-A0A2-7B9D1716DB15}
	EndGlobalSection
EndGlobal
